// !$*UTF8*$!
{
	archiveVersion = 1;
	classes = {
	};
	objectVersion = 46;
	objects = {

/* Begin PBXBuildFile section */
		8D53981514AA224C00D507B8 /* UIKit.framework in Frameworks */ = {isa = PBXBuildFile; fileRef = 8D53981414AA224C00D507B8 /* UIKit.framework */; };
		8D53981714AA224C00D507B8 /* Foundation.framework in Frameworks */ = {isa = PBXBuildFile; fileRef = 8D53981614AA224C00D507B8 /* Foundation.framework */; };
		8D53981914AA224C00D507B8 /* CoreGraphics.framework in Frameworks */ = {isa = PBXBuildFile; fileRef = 8D53981814AA224C00D507B8 /* CoreGraphics.framework */; };
		8D53981F14AA224C00D507B8 /* InfoPlist.strings in Resources */ = {isa = PBXBuildFile; fileRef = 8D53981D14AA224C00D507B8 /* InfoPlist.strings */; };
		8D53982114AA224C00D507B8 /* main.m in Sources */ = {isa = PBXBuildFile; fileRef = 8D53982014AA224C00D507B8 /* main.m */; };
		8D53982514AA224C00D507B8 /* AppDelegate.m in Sources */ = {isa = PBXBuildFile; fileRef = 8D53982414AA224C00D507B8 /* AppDelegate.m */; };
		8D53985314AA7FEF00D507B8 /* MapView.xib in Resources */ = {isa = PBXBuildFile; fileRef = 8D53984614AA7FEF00D507B8 /* MapView.xib */; };
		8D53985414AA7FEF00D507B8 /* MapView~ipad.xib in Resources */ = {isa = PBXBuildFile; fileRef = 8D53984714AA7FEF00D507B8 /* MapView~ipad.xib */; };
		8D53985514AA7FEF00D507B8 /* TileView.xib in Resources */ = {isa = PBXBuildFile; fileRef = 8D53984814AA7FEF00D507B8 /* TileView.xib */; };
		8D53985614AA7FEF00D507B8 /* DeviceManager.m in Sources */ = {isa = PBXBuildFile; fileRef = 8D53984B14AA7FEF00D507B8 /* DeviceManager.m */; };
		8D53985714AA7FEF00D507B8 /* Tile.m in Sources */ = {isa = PBXBuildFile; fileRef = 8D53984F14AA7FEF00D507B8 /* Tile.m */; };
		8D53985814AA7FEF00D507B8 /* MapViewController.m in Sources */ = {isa = PBXBuildFile; fileRef = 8D53985214AA7FEF00D507B8 /* MapViewController.m */; };
		8D53985B14AA801D00D507B8 /* OceanTile.m in Sources */ = {isa = PBXBuildFile; fileRef = 8D53985A14AA801D00D507B8 /* OceanTile.m */; };
		8D53985E14AA829300D507B8 /* MountainTile.m in Sources */ = {isa = PBXBuildFile; fileRef = 8D53985D14AA829300D507B8 /* MountainTile.m */; };
		8D53986114AA82A200D507B8 /* CoastalTile.m in Sources */ = {isa = PBXBuildFile; fileRef = 8D53986014AA82A200D507B8 /* CoastalTile.m */; };
		8D53986914AA868E00D507B8 /* World.m in Sources */ = {isa = PBXBuildFile; fileRef = 8D53986814AA868E00D507B8 /* World.m */; };
		8D53988214AD17EF00D507B8 /* dirt.png in Resources */ = {isa = PBXBuildFile; fileRef = 8D53987F14AD17EF00D507B8 /* dirt.png */; };
		8D53988314AD17EF00D507B8 /* grass.png in Resources */ = {isa = PBXBuildFile; fileRef = 8D53988014AD17EF00D507B8 /* grass.png */; };
		8D53988414AD17EF00D507B8 /* water.png in Resources */ = {isa = PBXBuildFile; fileRef = 8D53988114AD17EF00D507B8 /* water.png */; };
/* End PBXBuildFile section */

/* Begin PBXFileReference section */
		8D53981014AA224C00D507B8 /* BNB.app */ = {isa = PBXFileReference; explicitFileType = wrapper.application; includeInIndex = 0; path = BNB.app; sourceTree = BUILT_PRODUCTS_DIR; };
		8D53981414AA224C00D507B8 /* UIKit.framework */ = {isa = PBXFileReference; lastKnownFileType = wrapper.framework; name = UIKit.framework; path = System/Library/Frameworks/UIKit.framework; sourceTree = SDKROOT; };
		8D53981614AA224C00D507B8 /* Foundation.framework */ = {isa = PBXFileReference; lastKnownFileType = wrapper.framework; name = Foundation.framework; path = System/Library/Frameworks/Foundation.framework; sourceTree = SDKROOT; };
		8D53981814AA224C00D507B8 /* CoreGraphics.framework */ = {isa = PBXFileReference; lastKnownFileType = wrapper.framework; name = CoreGraphics.framework; path = System/Library/Frameworks/CoreGraphics.framework; sourceTree = SDKROOT; };
		8D53981C14AA224C00D507B8 /* BNB-Info.plist */ = {isa = PBXFileReference; lastKnownFileType = text.plist.xml; path = "BNB-Info.plist"; sourceTree = "<group>"; };
		8D53981E14AA224C00D507B8 /* en */ = {isa = PBXFileReference; lastKnownFileType = text.plist.strings; name = en; path = en.lproj/InfoPlist.strings; sourceTree = "<group>"; };
		8D53982014AA224C00D507B8 /* main.m */ = {isa = PBXFileReference; lastKnownFileType = sourcecode.c.objc; path = main.m; sourceTree = "<group>"; };
		8D53982214AA224C00D507B8 /* BNB-Prefix.pch */ = {isa = PBXFileReference; lastKnownFileType = sourcecode.c.h; path = "BNB-Prefix.pch"; sourceTree = "<group>"; };
		8D53982314AA224C00D507B8 /* AppDelegate.h */ = {isa = PBXFileReference; lastKnownFileType = sourcecode.c.h; path = AppDelegate.h; sourceTree = "<group>"; };
		8D53982414AA224C00D507B8 /* AppDelegate.m */ = {isa = PBXFileReference; lastKnownFileType = sourcecode.c.objc; path = AppDelegate.m; sourceTree = "<group>"; };
		8D53984614AA7FEF00D507B8 /* MapView.xib */ = {isa = PBXFileReference; fileEncoding = 4; lastKnownFileType = file.xib; path = MapView.xib; sourceTree = "<group>"; };
		8D53984714AA7FEF00D507B8 /* MapView~ipad.xib */ = {isa = PBXFileReference; fileEncoding = 4; lastKnownFileType = file.xib; path = "MapView~ipad.xib"; sourceTree = "<group>"; };
		8D53984814AA7FEF00D507B8 /* TileView.xib */ = {isa = PBXFileReference; fileEncoding = 4; lastKnownFileType = file.xib; path = TileView.xib; sourceTree = "<group>"; };
		8D53984A14AA7FEF00D507B8 /* DeviceManager.h */ = {isa = PBXFileReference; fileEncoding = 4; lastKnownFileType = sourcecode.c.h; path = DeviceManager.h; sourceTree = "<group>"; };
		8D53984B14AA7FEF00D507B8 /* DeviceManager.m */ = {isa = PBXFileReference; fileEncoding = 4; lastKnownFileType = sourcecode.c.objc; path = DeviceManager.m; sourceTree = "<group>"; };
		8D53984C14AA7FEF00D507B8 /* GCDSingleton.h */ = {isa = PBXFileReference; fileEncoding = 4; lastKnownFileType = sourcecode.c.h; path = GCDSingleton.h; sourceTree = "<group>"; };
		8D53984E14AA7FEF00D507B8 /* Tile.h */ = {isa = PBXFileReference; fileEncoding = 4; lastKnownFileType = sourcecode.c.h; path = Tile.h; sourceTree = "<group>"; };
		8D53984F14AA7FEF00D507B8 /* Tile.m */ = {isa = PBXFileReference; fileEncoding = 4; lastKnownFileType = sourcecode.c.objc; path = Tile.m; sourceTree = "<group>"; };
		8D53985114AA7FEF00D507B8 /* MapViewController.h */ = {isa = PBXFileReference; fileEncoding = 4; lastKnownFileType = sourcecode.c.h; path = MapViewController.h; sourceTree = "<group>"; };
		8D53985214AA7FEF00D507B8 /* MapViewController.m */ = {isa = PBXFileReference; fileEncoding = 4; lastKnownFileType = sourcecode.c.objc; path = MapViewController.m; sourceTree = "<group>"; };
		8D53985914AA801D00D507B8 /* OceanTile.h */ = {isa = PBXFileReference; fileEncoding = 4; lastKnownFileType = sourcecode.c.h; path = OceanTile.h; sourceTree = "<group>"; };
		8D53985A14AA801D00D507B8 /* OceanTile.m */ = {isa = PBXFileReference; fileEncoding = 4; lastKnownFileType = sourcecode.c.objc; path = OceanTile.m; sourceTree = "<group>"; };
		8D53985C14AA829300D507B8 /* MountainTile.h */ = {isa = PBXFileReference; fileEncoding = 4; lastKnownFileType = sourcecode.c.h; path = MountainTile.h; sourceTree = "<group>"; };
		8D53985D14AA829300D507B8 /* MountainTile.m */ = {isa = PBXFileReference; fileEncoding = 4; lastKnownFileType = sourcecode.c.objc; path = MountainTile.m; sourceTree = "<group>"; };
		8D53985F14AA82A200D507B8 /* CoastalTile.h */ = {isa = PBXFileReference; fileEncoding = 4; lastKnownFileType = sourcecode.c.h; path = CoastalTile.h; sourceTree = "<group>"; };
		8D53986014AA82A200D507B8 /* CoastalTile.m */ = {isa = PBXFileReference; fileEncoding = 4; lastKnownFileType = sourcecode.c.objc; path = CoastalTile.m; sourceTree = "<group>"; };
		8D53986714AA868E00D507B8 /* World.h */ = {isa = PBXFileReference; fileEncoding = 4; lastKnownFileType = sourcecode.c.h; path = World.h; sourceTree = "<group>"; };
		8D53986814AA868E00D507B8 /* World.m */ = {isa = PBXFileReference; fileEncoding = 4; lastKnownFileType = sourcecode.c.objc; path = World.m; sourceTree = "<group>"; };
		8D53987F14AD17EF00D507B8 /* dirt.png */ = {isa = PBXFileReference; lastKnownFileType = image.png; path = dirt.png; sourceTree = "<group>"; };
		8D53988014AD17EF00D507B8 /* grass.png */ = {isa = PBXFileReference; lastKnownFileType = image.png; path = grass.png; sourceTree = "<group>"; };
		8D53988114AD17EF00D507B8 /* water.png */ = {isa = PBXFileReference; lastKnownFileType = image.png; path = water.png; sourceTree = "<group>"; };
/* End PBXFileReference section */

/* Begin PBXFrameworksBuildPhase section */
		8D53980D14AA224C00D507B8 /* Frameworks */ = {
			isa = PBXFrameworksBuildPhase;
			buildActionMask = 2147483647;
			files = (
				8D53981514AA224C00D507B8 /* UIKit.framework in Frameworks */,
				8D53981714AA224C00D507B8 /* Foundation.framework in Frameworks */,
				8D53981914AA224C00D507B8 /* CoreGraphics.framework in Frameworks */,
			);
			runOnlyForDeploymentPostprocessing = 0;
		};
/* End PBXFrameworksBuildPhase section */

/* Begin PBXGroup section */
		8D53980514AA224C00D507B8 = {
			isa = PBXGroup;
			children = (
				8D53981A14AA224C00D507B8 /* BNB */,
				8D53981314AA224C00D507B8 /* Frameworks */,
				8D53981114AA224C00D507B8 /* Products */,
			);
			sourceTree = "<group>";
		};
		8D53981114AA224C00D507B8 /* Products */ = {
			isa = PBXGroup;
			children = (
				8D53981014AA224C00D507B8 /* BNB.app */,
			);
			name = Products;
			sourceTree = "<group>";
		};
		8D53981314AA224C00D507B8 /* Frameworks */ = {
			isa = PBXGroup;
			children = (
				8D53981414AA224C00D507B8 /* UIKit.framework */,
				8D53981614AA224C00D507B8 /* Foundation.framework */,
				8D53981814AA224C00D507B8 /* CoreGraphics.framework */,
			);
			name = Frameworks;
			sourceTree = "<group>";
		};
		8D53981A14AA224C00D507B8 /* BNB */ = {
			isa = PBXGroup;
			children = (
				8D53984914AA7FEF00D507B8 /* Singletons */,
				8D53984D14AA7FEF00D507B8 /* Tiles */,
				8D53985014AA7FEF00D507B8 /* ViewControllers */,
				8D53986714AA868E00D507B8 /* World.h */,
				8D53986814AA868E00D507B8 /* World.m */,
				8D53982314AA224C00D507B8 /* AppDelegate.h */,
				8D53982414AA224C00D507B8 /* AppDelegate.m */,
				8D53984514AA7FEF00D507B8 /* Nibs */,
				8D53987E14AD17EF00D507B8 /* Images */,
				8D53981B14AA224C00D507B8 /* Supporting Files */,
			);
			path = BNB;
			sourceTree = "<group>";
		};
		8D53981B14AA224C00D507B8 /* Supporting Files */ = {
			isa = PBXGroup;
			children = (
				8D53981C14AA224C00D507B8 /* BNB-Info.plist */,
				8D53981D14AA224C00D507B8 /* InfoPlist.strings */,
				8D53982014AA224C00D507B8 /* main.m */,
				8D53982214AA224C00D507B8 /* BNB-Prefix.pch */,
			);
			name = "Supporting Files";
			sourceTree = "<group>";
		};
		8D53984514AA7FEF00D507B8 /* Nibs */ = {
			isa = PBXGroup;
			children = (
				8D53984614AA7FEF00D507B8 /* MapView.xib */,
				8D53984714AA7FEF00D507B8 /* MapView~ipad.xib */,
				8D53984814AA7FEF00D507B8 /* TileView.xib */,
			);
			path = Nibs;
			sourceTree = "<group>";
		};
		8D53984914AA7FEF00D507B8 /* Singletons */ = {
			isa = PBXGroup;
			children = (
				8D53984A14AA7FEF00D507B8 /* DeviceManager.h */,
				8D53984B14AA7FEF00D507B8 /* DeviceManager.m */,
				8D53984C14AA7FEF00D507B8 /* GCDSingleton.h */,
			);
			path = Singletons;
			sourceTree = "<group>";
		};
		8D53984D14AA7FEF00D507B8 /* Tiles */ = {
			isa = PBXGroup;
			children = (
				8D53984E14AA7FEF00D507B8 /* Tile.h */,
				8D53984F14AA7FEF00D507B8 /* Tile.m */,
				8D53985914AA801D00D507B8 /* OceanTile.h */,
				8D53985A14AA801D00D507B8 /* OceanTile.m */,
				8D53985C14AA829300D507B8 /* MountainTile.h */,
				8D53985D14AA829300D507B8 /* MountainTile.m */,
				8D53985F14AA82A200D507B8 /* CoastalTile.h */,
				8D53986014AA82A200D507B8 /* CoastalTile.m */,
			);
			path = Tiles;
			sourceTree = "<group>";
		};
		8D53985014AA7FEF00D507B8 /* ViewControllers */ = {
			isa = PBXGroup;
			children = (
				8D53985114AA7FEF00D507B8 /* MapViewController.h */,
				8D53985214AA7FEF00D507B8 /* MapViewController.m */,
			);
			path = ViewControllers;
			sourceTree = "<group>";
		};
		8D53987E14AD17EF00D507B8 /* Images */ = {
			isa = PBXGroup;
			children = (
				8D53987F14AD17EF00D507B8 /* dirt.png */,
				8D53988014AD17EF00D507B8 /* grass.png */,
				8D53988114AD17EF00D507B8 /* water.png */,
			);
			path = Images;
			sourceTree = "<group>";
		};
/* End PBXGroup section */

/* Begin PBXNativeTarget section */
		8D53980F14AA224C00D507B8 /* BNB */ = {
			isa = PBXNativeTarget;
			buildConfigurationList = 8D53982814AA224C00D507B8 /* Build configuration list for PBXNativeTarget "BNB" */;
			buildPhases = (
				8D53980C14AA224C00D507B8 /* Sources */,
				8D53980D14AA224C00D507B8 /* Frameworks */,
				8D53980E14AA224C00D507B8 /* Resources */,
			);
			buildRules = (
			);
			dependencies = (
			);
			name = BNB;
			productName = BNB;
			productReference = 8D53981014AA224C00D507B8 /* BNB.app */;
			productType = "com.apple.product-type.application";
		};
/* End PBXNativeTarget section */

/* Begin PBXProject section */
		8D53980714AA224C00D507B8 /* Project object */ = {
			isa = PBXProject;
			attributes = {
				LastUpgradeCheck = 0420;
			};
			buildConfigurationList = 8D53980A14AA224C00D507B8 /* Build configuration list for PBXProject "BNB" */;
			compatibilityVersion = "Xcode 3.2";
			developmentRegion = English;
			hasScannedForEncodings = 0;
			knownRegions = (
				en,
			);
			mainGroup = 8D53980514AA224C00D507B8;
			productRefGroup = 8D53981114AA224C00D507B8 /* Products */;
			projectDirPath = "";
			projectRoot = "";
			targets = (
				8D53980F14AA224C00D507B8 /* BNB */,
			);
		};
/* End PBXProject section */

/* Begin PBXResourcesBuildPhase section */
		8D53980E14AA224C00D507B8 /* Resources */ = {
			isa = PBXResourcesBuildPhase;
			buildActionMask = 2147483647;
			files = (
				8D53981F14AA224C00D507B8 /* InfoPlist.strings in Resources */,
				8D53985314AA7FEF00D507B8 /* MapView.xib in Resources */,
				8D53985414AA7FEF00D507B8 /* MapView~ipad.xib in Resources */,
				8D53985514AA7FEF00D507B8 /* TileView.xib in Resources */,
				8D53988214AD17EF00D507B8 /* dirt.png in Resources */,
				8D53988314AD17EF00D507B8 /* grass.png in Resources */,
				8D53988414AD17EF00D507B8 /* water.png in Resources */,
			);
			runOnlyForDeploymentPostprocessing = 0;
		};
/* End PBXResourcesBuildPhase section */

/* Begin PBXSourcesBuildPhase section */
		8D53980C14AA224C00D507B8 /* Sources */ = {
			isa = PBXSourcesBuildPhase;
			buildActionMask = 2147483647;
			files = (
				8D53982114AA224C00D507B8 /* main.m in Sources */,
				8D53982514AA224C00D507B8 /* AppDelegate.m in Sources */,
				8D53985614AA7FEF00D507B8 /* DeviceManager.m in Sources */,
				8D53985714AA7FEF00D507B8 /* Tile.m in Sources */,
				8D53985814AA7FEF00D507B8 /* MapViewController.m in Sources */,
				8D53985B14AA801D00D507B8 /* OceanTile.m in Sources */,
				8D53985E14AA829300D507B8 /* MountainTile.m in Sources */,
				8D53986114AA82A200D507B8 /* CoastalTile.m in Sources */,
				8D53986914AA868E00D507B8 /* World.m in Sources */,
			);
			runOnlyForDeploymentPostprocessing = 0;
		};
/* End PBXSourcesBuildPhase section */

/* Begin PBXVariantGroup section */
		8D53981D14AA224C00D507B8 /* InfoPlist.strings */ = {
			isa = PBXVariantGroup;
			children = (
				8D53981E14AA224C00D507B8 /* en */,
			);
			name = InfoPlist.strings;
			sourceTree = "<group>";
		};
/* End PBXVariantGroup section */

/* Begin XCBuildConfiguration section */
		8D53982614AA224C00D507B8 /* Debug */ = {
			isa = XCBuildConfiguration;
			buildSettings = {
				ALWAYS_SEARCH_USER_PATHS = NO;
				ARCHS = "$(ARCHS_STANDARD_32_BIT)";
				CLANG_ENABLE_OBJC_ARC = YES;
				"CODE_SIGN_IDENTITY[sdk=iphoneos*]" = "iPhone Developer";
				COPY_PHASE_STRIP = NO;
				GCC_C_LANGUAGE_STANDARD = gnu99;
				GCC_DYNAMIC_NO_PIC = NO;
				GCC_OPTIMIZATION_LEVEL = 0;
				GCC_PREPROCESSOR_DEFINITIONS = (
					"DEBUG=1",
					"$(inherited)",
				);
				GCC_SYMBOLS_PRIVATE_EXTERN = NO;
				GCC_VERSION = com.apple.compilers.llvm.clang.1_0;
				GCC_WARN_ABOUT_MISSING_PROTOTYPES = YES;
				GCC_WARN_ABOUT_RETURN_TYPE = YES;
				GCC_WARN_UNUSED_VARIABLE = YES;
				IPHONEOS_DEPLOYMENT_TARGET = 4.0;
				SDKROOT = iphoneos;
				TARGETED_DEVICE_FAMILY = "1,2";
			};
			name = Debug;
		};
		8D53982714AA224C00D507B8 /* Release */ = {
			isa = XCBuildConfiguration;
			buildSettings = {
				ALWAYS_SEARCH_USER_PATHS = NO;
				ARCHS = "$(ARCHS_STANDARD_32_BIT)";
				CLANG_ENABLE_OBJC_ARC = YES;
				"CODE_SIGN_IDENTITY[sdk=iphoneos*]" = "iPhone Developer";
				COPY_PHASE_STRIP = YES;
				GCC_C_LANGUAGE_STANDARD = gnu99;
				GCC_VERSION = com.apple.compilers.llvm.clang.1_0;
				GCC_WARN_ABOUT_MISSING_PROTOTYPES = YES;
				GCC_WARN_ABOUT_RETURN_TYPE = YES;
				GCC_WARN_UNUSED_VARIABLE = YES;
				IPHONEOS_DEPLOYMENT_TARGET = 4.0;
				OTHER_CFLAGS = "-DNS_BLOCK_ASSERTIONS=1";
				SDKROOT = iphoneos;
				TARGETED_DEVICE_FAMILY = "1,2";
				VALIDATE_PRODUCT = YES;
			};
			name = Release;
		};
		8D53982914AA224C00D507B8 /* Debug */ = {
			isa = XCBuildConfiguration;
			buildSettings = {
				CODE_SIGN_IDENTITY = "iPhone Developer: Sean Soper (EL8QKBPH5E)";
				"CODE_SIGN_IDENTITY[sdk=iphoneos*]" = "iPhone Developer: Sean Soper (EL8QKBPH5E)";
				GCC_PRECOMPILE_PREFIX_HEADER = YES;
				GCC_PREFIX_HEADER = "BNB/BNB-Prefix.pch";
				INFOPLIST_FILE = "BNB/BNB-Info.plist";
				IPHONEOS_DEPLOYMENT_TARGET = 4.0;
				PRODUCT_NAME = "$(TARGET_NAME)";
				PROVISIONING_PROFILE = "A44A31DC-6224-4EE1-B614-7C3343545F0F";
				"PROVISIONING_PROFILE[sdk=iphoneos*]" = "A44A31DC-6224-4EE1-B614-7C3343545F0F";
				TARGETED_DEVICE_FAMILY = "1,2";
				WRAPPER_EXTENSION = app;
			};
			name = Debug;
		};
		8D53982A14AA224C00D507B8 /* Release */ = {
			isa = XCBuildConfiguration;
			buildSettings = {
				GCC_PRECOMPILE_PREFIX_HEADER = YES;
				GCC_PREFIX_HEADER = "BNB/BNB-Prefix.pch";
				INFOPLIST_FILE = "BNB/BNB-Info.plist";
				IPHONEOS_DEPLOYMENT_TARGET = 4.0;
				PRODUCT_NAME = "$(TARGET_NAME)";
				TARGETED_DEVICE_FAMILY = "1,2";
				WRAPPER_EXTENSION = app;
			};
			name = Release;
		};
/* End XCBuildConfiguration section */

/* Begin XCConfigurationList section */
		8D53980A14AA224C00D507B8 /* Build configuration list for PBXProject "BNB" */ = {
			isa = XCConfigurationList;
			buildConfigurations = (
				8D53982614AA224C00D507B8 /* Debug */,
				8D53982714AA224C00D507B8 /* Release */,
			);
			defaultConfigurationIsVisible = 0;
			defaultConfigurationName = Release;
		};
		8D53982814AA224C00D507B8 /* Build configuration list for PBXNativeTarget "BNB" */ = {
			isa = XCConfigurationList;
			buildConfigurations = (
				8D53982914AA224C00D507B8 /* Debug */,
				8D53982A14AA224C00D507B8 /* Release */,
			);
			defaultConfigurationIsVisible = 0;
		};
/* End XCConfigurationList section */
	};
	rootObject = 8D53980714AA224C00D507B8 /* Project object */;
}
